
Microsoft Visual Studio Solution File, Format Version 12.00
# Visual Studio Version 17
VisualStudioVersion = 17.0.32014.148
MinimumVisualStudioVersion = 10.0.40219.1
Project("{ea625464-b277-426b-b991-67586260435f}") = "Berger.Extensions.Http", "Berger.Extensions.Http\Berger.Extensions.Http.csproj", "{4e1be2d0-28d8-4064-afc0-b5f584b19145}"
EndProject
Global
	GlobalSection(SolutionConfigurationPlatforms) = preSolution
		Debug|Any CPU = Debug|Any CPU
		Release|Any CPU = Release|Any CPU
	EndGlobalSection
	GlobalSection(ProjectConfigurationPlatforms) = postSolution
		{4e1be2d0-28d8-4064-afc0-b5f584b19145}.Debug|Any CPU.ActiveCfg = Debug|Any CPU
		{4e1be2d0-28d8-4064-afc0-b5f584b19145}.Debug|Any CPU.Build.0 = Debug|Any CPU
		{4e1be2d0-28d8-4064-afc0-b5f584b19145}.Release|Any CPU.ActiveCfg = Release|Any CPU
		{4e1be2d0-28d8-4064-afc0-b5f584b19145}.Release|Any CPU.Build.0 = Release|Any CPU
	EndGlobalSection
	GlobalSection(SolutionProperties) = preSolution
		HideSolutionNode = FALSE
	EndGlobalSection
	GlobalSection(ExtensibilityGlobals) = postSolution
		SolutionGuid = {4961BE93-F316-4B63-8144-768113F9C617}
	EndGlobalSection
EndGlobal
