
Microsoft Visual Studio Solution File, Format Version 12.00
# Visual Studio Version 17
VisualStudioVersion = 17.0.32014.148
MinimumVisualStudioVersion = 10.0.40219.1
Project("{9A19103F-16F7-4668-BE54-9A1E7A4F7556}") = "Berger.Extensions.Http", "Berger.Extensions.Http\Berger.Extensions.Http.csproj", "{4E1BE2D0-28D8-4064-AFC0-B5F584B19145}"
EndProject
Project("{2150E333-8FDC-42A3-9474-1A3956D46DE8}") = "Source", "Source", "{11D04BF9-56AF-4793-817E-7CC449A07841}"
EndProject
Project("{2150E333-8FDC-42A3-9474-1A3956D46DE8}") = "Build", "Build", "{8E6377AF-76E5-4D72-B5B9-F93C63AC86EB}"
	ProjectSection(SolutionItems) = preProject
		..\build\Berger.Extensions.Http.yml = ..\build\Berger.Extensions.Http.yml
	EndProjectSection
EndProject
Global
	GlobalSection(SolutionConfigurationPlatforms) = preSolution
		Debug|Any CPU = Debug|Any CPU
		Release|Any CPU = Release|Any CPU
	EndGlobalSection
	GlobalSection(ProjectConfigurationPlatforms) = postSolution
		{4E1BE2D0-28D8-4064-AFC0-B5F584B19145}.Debug|Any CPU.ActiveCfg = Debug|Any CPU
		{4E1BE2D0-28D8-4064-AFC0-B5F584B19145}.Debug|Any CPU.Build.0 = Debug|Any CPU
		{4E1BE2D0-28D8-4064-AFC0-B5F584B19145}.Release|Any CPU.ActiveCfg = Release|Any CPU
		{4E1BE2D0-28D8-4064-AFC0-B5F584B19145}.Release|Any CPU.Build.0 = Release|Any CPU
	EndGlobalSection
	GlobalSection(SolutionProperties) = preSolution
		HideSolutionNode = FALSE
	EndGlobalSection
	GlobalSection(NestedProjects) = preSolution
		{4E1BE2D0-28D8-4064-AFC0-B5F584B19145} = {11D04BF9-56AF-4793-817E-7CC449A07841}
	EndGlobalSection
	GlobalSection(ExtensibilityGlobals) = postSolution
		SolutionGuid = {4961BE93-F316-4B63-8144-768113F9C617}
	EndGlobalSection
EndGlobal
