
Microsoft Visual Studio Solution File, Format Version 12.00
# Visual Studio Version 17
VisualStudioVersion = 17.0.32014.148
MinimumVisualStudioVersion = 10.0.40219.1
Project("{2150E333-8FDC-42A3-9474-1A3956D46DE8}") = "Source", "Source", "{11D04BF9-56AF-4793-817E-7CC449A07841}"
EndProject
Project("{2150E333-8FDC-42A3-9474-1A3956D46DE8}") = "Build", "Build", "{8E6377AF-76E5-4D72-B5B9-F93C63AC86EB}"
	ProjectSection(SolutionItems) = preProject
		..\build\Berger.Extensions.Http.yml = ..\build\Berger.Extensions.Http.yml
	EndProjectSection
EndProject
Project("{FAE04EC0-301F-11D3-BF4B-00C04F79EFBC}") = "Berger.Extensions.Http", "Berger.Extensions.Http\Berger.Extensions.Http.csproj", "{77DBF505-5877-4B0D-9D3B-3F06401EA2D0}"
EndProject
Global
	GlobalSection(SolutionConfigurationPlatforms) = preSolution
		Debug|Any CPU = Debug|Any CPU
		Release|Any CPU = Release|Any CPU
	EndGlobalSection
	GlobalSection(ProjectConfigurationPlatforms) = postSolution
		{77DBF505-5877-4B0D-9D3B-3F06401EA2D0}.Debug|Any CPU.ActiveCfg = Debug|Any CPU
		{77DBF505-5877-4B0D-9D3B-3F06401EA2D0}.Debug|Any CPU.Build.0 = Debug|Any CPU
		{77DBF505-5877-4B0D-9D3B-3F06401EA2D0}.Release|Any CPU.ActiveCfg = Release|Any CPU
		{77DBF505-5877-4B0D-9D3B-3F06401EA2D0}.Release|Any CPU.Build.0 = Release|Any CPU
	EndGlobalSection
	GlobalSection(SolutionProperties) = preSolution
		HideSolutionNode = FALSE
	EndGlobalSection
	GlobalSection(NestedProjects) = preSolution
		{77DBF505-5877-4B0D-9D3B-3F06401EA2D0} = {11D04BF9-56AF-4793-817E-7CC449A07841}
	EndGlobalSection
	GlobalSection(ExtensibilityGlobals) = postSolution
		SolutionGuid = {4961BE93-F316-4B63-8144-768113F9C617}
	EndGlobalSection
EndGlobal
